
Microsoft Visual Studio Solution File, Format Version 12.00
# Visual Studio 15
VisualStudioVersion = 15.0.28307.1259
MinimumVisualStudioVersion = 10.0.40219.1
Project("{FAE04EC0-301F-11D3-BF4B-00C04F79EFBC}") = "RCCarage", "RCCarage.csproj", "{81656B35-76E8-44A1-B600-E4E7C713A969}"
EndProject
Global
	GlobalSection(SolutionConfigurationPlatforms) = preSolution
		Debug|Any CPU = Debug|Any CPU
		Release|Any CPU = Release|Any CPU
	EndGlobalSection
	GlobalSection(ProjectConfigurationPlatforms) = postSolution
		{81656B35-76E8-44A1-B600-E4E7C713A969}.Debug|Any CPU.ActiveCfg = Debug|Any CPU
		{81656B35-76E8-44A1-B600-E4E7C713A969}.Debug|Any CPU.Build.0 = Debug|Any CPU
		{81656B35-76E8-44A1-B600-E4E7C713A969}.Release|Any CPU.ActiveCfg = Release|Any CPU
		{81656B35-76E8-44A1-B600-E4E7C713A969}.Release|Any CPU.Build.0 = Release|Any CPU
	EndGlobalSection
	GlobalSection(SolutionProperties) = preSolution
		HideSolutionNode = FALSE
	EndGlobalSection
	GlobalSection(ExtensibilityGlobals) = postSolution
		SolutionGuid = {AD33BF09-F368-4D09-AFAD-CDB99343561A}
	EndGlobalSection
EndGlobal
